# THIS IS AN AUTOGENERATED FILE. DO NOT EDIT THIS FILE DIRECTLY.
# yarn lockfile v1


lodash@^4.17.11:
  version "4.17.15"
  resolved "https://registry.yarnpkg.com/lodash/-/lodash-4.17.15.tgz#b447f6670a0455bbfeedd11392eff330ea097548"
  integrity sha512-8xOcRHvCjnocdS5cpwXQXVzmmh5e5+saE2QGoeQmbKmRS6J3VQppPOIt0MnmE+4xlZoumy0GPG0D0MVIQbNA1A==

objectro@^1.0.6:
  version "1.0.6"
  resolved "https://registry.yarnpkg.com/objectro/-/objectro-1.0.6.tgz#34533fc7b4a090025259457df1efeaa4fc2096ed"
  integrity sha512-M9QfT8uSS96KLJurGEaC8DSG+froQ9YxMcbFoaRFffRZ4BZw7uN9+SBJXE5Bf/Wao42wg4LMpVRxP9C7eOMV7A==
  dependencies:
    lodash "^4.17.11"
